
Microsoft Visual Studio Solution File, Format Version 12.00
# Visual Studio Version 16
VisualStudioVersion = 16.0.31025.194
MinimumVisualStudioVersion = 10.0.40219.1
Project("{FAE04EC0-301F-11D3-BF4B-00C04F79EFBC}") = "Ware", "Ware\Ware.csproj", "{7E6C75D0-3638-4E00-AAFF-8210B76B3C63}"
EndProject
Global
	GlobalSection(SolutionConfigurationPlatforms) = preSolution
		Debug|Any CPU = Debug|Any CPU
		Release|Any CPU = Release|Any CPU
	EndGlobalSection
	GlobalSection(ProjectConfigurationPlatforms) = postSolution
		{7E6C75D0-3638-4E00-AAFF-8210B76B3C63}.Debug|Any CPU.ActiveCfg = Debug|Any CPU
		{7E6C75D0-3638-4E00-AAFF-8210B76B3C63}.Debug|Any CPU.Build.0 = Debug|Any CPU
		{7E6C75D0-3638-4E00-AAFF-8210B76B3C63}.Release|Any CPU.ActiveCfg = Release|Any CPU
		{7E6C75D0-3638-4E00-AAFF-8210B76B3C63}.Release|Any CPU.Build.0 = Release|Any CPU
	EndGlobalSection
	GlobalSection(SolutionProperties) = preSolution
		HideSolutionNode = FALSE
	EndGlobalSection
	GlobalSection(ExtensibilityGlobals) = postSolution
		SolutionGuid = {3D6F5C67-98CB-41FB-8565-CB72F107CD24}
	EndGlobalSection
EndGlobal
